// !$*UTF8*$!
{
	archiveVersion = 1;
	classes = {
	};
	objectVersion = 46;
	objects = {

/* Begin PBXBuildFile section */
		BE1155A51A77CDEE002E38E6 /* main.m in Sources */ = {isa = PBXBuildFile; fileRef = BE1155A41A77CDEE002E38E6 /* main.m */; };
		BE1155A81A77CDEE002E38E6 /* AppDelegate.m in Sources */ = {isa = PBXBuildFile; fileRef = BE1155A71A77CDEE002E38E6 /* AppDelegate.m */; };
		BE1155AB1A77CDEE002E38E6 /* ViewController.m in Sources */ = {isa = PBXBuildFile; fileRef = BE1155AA1A77CDEE002E38E6 /* ViewController.m */; };
		BE1155AE1A77CDEE002E38E6 /* Main.storyboard in Resources */ = {isa = PBXBuildFile; fileRef = BE1155AC1A77CDEE002E38E6 /* Main.storyboard */; };
		BE1155B01A77CDEE002E38E6 /* Images.xcassets in Resources */ = {isa = PBXBuildFile; fileRef = BE1155AF1A77CDEE002E38E6 /* Images.xcassets */; };
		BE1155B31A77CDEE002E38E6 /* LaunchScreen.xib in Resources */ = {isa = PBXBuildFile; fileRef = BE1155B11A77CDEE002E38E6 /* LaunchScreen.xib */; };
		BE1155BF1A77CDEE002E38E6 /* actionsheetTests.m in Sources */ = {isa = PBXBuildFile; fileRef = BE1155BE1A77CDEE002E38E6 /* actionsheetTests.m */; };
/* End PBXBuildFile section */

/* Begin PBXContainerItemProxy section */
		BE1155B91A77CDEE002E38E6 /* PBXContainerItemProxy */ = {
			isa = PBXContainerItemProxy;
			containerPortal = BE1155971A77CDEE002E38E6 /* Project object */;
			proxyType = 1;
			remoteGlobalIDString = BE11559E1A77CDEE002E38E6;
			remoteInfo = actionsheet;
		};
/* End PBXContainerItemProxy section */

/* Begin PBXFileReference section */
		BE11559F1A77CDEE002E38E6 /* actionsheet.app */ = {isa = PBXFileReference; explicitFileType = wrapper.application; includeInIndex = 0; path = actionsheet.app; sourceTree = BUILT_PRODUCTS_DIR; };
		BE1155A31A77CDEE002E38E6 /* Info.plist */ = {isa = PBXFileReference; lastKnownFileType = text.plist.xml; path = Info.plist; sourceTree = "<group>"; };
		BE1155A41A77CDEE002E38E6 /* main.m */ = {isa = PBXFileReference; lastKnownFileType = sourcecode.c.objc; path = main.m; sourceTree = "<group>"; };
		BE1155A61A77CDEE002E38E6 /* AppDelegate.h */ = {isa = PBXFileReference; lastKnownFileType = sourcecode.c.h; path = AppDelegate.h; sourceTree = "<group>"; };
		BE1155A71A77CDEE002E38E6 /* AppDelegate.m */ = {isa = PBXFileReference; lastKnownFileType = sourcecode.c.objc; path = AppDelegate.m; sourceTree = "<group>"; };
		BE1155A91A77CDEE002E38E6 /* ViewController.h */ = {isa = PBXFileReference; lastKnownFileType = sourcecode.c.h; path = ViewController.h; sourceTree = "<group>"; };
		BE1155AA1A77CDEE002E38E6 /* ViewController.m */ = {isa = PBXFileReference; lastKnownFileType = sourcecode.c.objc; path = ViewController.m; sourceTree = "<group>"; };
		BE1155AD1A77CDEE002E38E6 /* Base */ = {isa = PBXFileReference; lastKnownFileType = file.storyboard; name = Base; path = Base.lproj/Main.storyboard; sourceTree = "<group>"; };
		BE1155AF1A77CDEE002E38E6 /* Images.xcassets */ = {isa = PBXFileReference; lastKnownFileType = folder.assetcatalog; path = Images.xcassets; sourceTree = "<group>"; };
		BE1155B21A77CDEE002E38E6 /* Base */ = {isa = PBXFileReference; lastKnownFileType = file.xib; name = Base; path = Base.lproj/LaunchScreen.xib; sourceTree = "<group>"; };
		BE1155B81A77CDEE002E38E6 /* actionsheetTests.xctest */ = {isa = PBXFileReference; explicitFileType = wrapper.cfbundle; includeInIndex = 0; path = actionsheetTests.xctest; sourceTree = BUILT_PRODUCTS_DIR; };
		BE1155BD1A77CDEE002E38E6 /* Info.plist */ = {isa = PBXFileReference; lastKnownFileType = text.plist.xml; path = Info.plist; sourceTree = "<group>"; };
		BE1155BE1A77CDEE002E38E6 /* actionsheetTests.m */ = {isa = PBXFileReference; lastKnownFileType = sourcecode.c.objc; path = actionsheetTests.m; sourceTree = "<group>"; };
/* End PBXFileReference section */

/* Begin PBXFrameworksBuildPhase section */
		BE11559C1A77CDEE002E38E6 /* Frameworks */ = {
			isa = PBXFrameworksBuildPhase;
			buildActionMask = 2147483647;
			files = (
			);
			runOnlyForDeploymentPostprocessing = 0;
		};
		BE1155B51A77CDEE002E38E6 /* Frameworks */ = {
			isa = PBXFrameworksBuildPhase;
			buildActionMask = 2147483647;
			files = (
			);
			runOnlyForDeploymentPostprocessing = 0;
		};
/* End PBXFrameworksBuildPhase section */

/* Begin PBXGroup section */
		BE1155961A77CDEE002E38E6 = {
			isa = PBXGroup;
			children = (
				BE1155A11A77CDEE002E38E6 /* actionsheet */,
				BE1155BB1A77CDEE002E38E6 /* actionsheetTests */,
				BE1155A01A77CDEE002E38E6 /* Products */,
			);
			sourceTree = "<group>";
		};
		BE1155A01A77CDEE002E38E6 /* Products */ = {
			isa = PBXGroup;
			children = (
				BE11559F1A77CDEE002E38E6 /* actionsheet.app */,
				BE1155B81A77CDEE002E38E6 /* actionsheetTests.xctest */,
			);
			name = Products;
			sourceTree = "<group>";
		};
		BE1155A11A77CDEE002E38E6 /* actionsheet */ = {
			isa = PBXGroup;
			children = (
				BE1155A61A77CDEE002E38E6 /* AppDelegate.h */,
				BE1155A71A77CDEE002E38E6 /* AppDelegate.m */,
				BE1155A91A77CDEE002E38E6 /* ViewController.h */,
				BE1155AA1A77CDEE002E38E6 /* ViewController.m */,
				BE1155AC1A77CDEE002E38E6 /* Main.storyboard */,
				BE1155AF1A77CDEE002E38E6 /* Images.xcassets */,
				BE1155B11A77CDEE002E38E6 /* LaunchScreen.xib */,
				BE1155A21A77CDEE002E38E6 /* Supporting Files */,
			);
			path = actionsheet;
			sourceTree = "<group>";
		};
		BE1155A21A77CDEE002E38E6 /* Supporting Files */ = {
			isa = PBXGroup;
			children = (
				BE1155A31A77CDEE002E38E6 /* Info.plist */,
				BE1155A41A77CDEE002E38E6 /* main.m */,
			);
			name = "Supporting Files";
			sourceTree = "<group>";
		};
		BE1155BB1A77CDEE002E38E6 /* actionsheetTests */ = {
			isa = PBXGroup;
			children = (
				BE1155BE1A77CDEE002E38E6 /* actionsheetTests.m */,
				BE1155BC1A77CDEE002E38E6 /* Supporting Files */,
			);
			path = actionsheetTests;
			sourceTree = "<group>";
		};
		BE1155BC1A77CDEE002E38E6 /* Supporting Files */ = {
			isa = PBXGroup;
			children = (
				BE1155BD1A77CDEE002E38E6 /* Info.plist */,
			);
			name = "Supporting Files";
			sourceTree = "<group>";
		};
/* End PBXGroup section */

/* Begin PBXNativeTarget section */
		BE11559E1A77CDEE002E38E6 /* actionsheet */ = {
			isa = PBXNativeTarget;
			buildConfigurationList = BE1155C21A77CDEE002E38E6 /* Build configuration list for PBXNativeTarget "actionsheet" */;
			buildPhases = (
				BE11559B1A77CDEE002E38E6 /* Sources */,
				BE11559C1A77CDEE002E38E6 /* Frameworks */,
				BE11559D1A77CDEE002E38E6 /* Resources */,
			);
			buildRules = (
			);
			dependencies = (
			);
			name = actionsheet;
			productName = actionsheet;
			productReference = BE11559F1A77CDEE002E38E6 /* actionsheet.app */;
			productType = "com.apple.product-type.application";
		};
		BE1155B71A77CDEE002E38E6 /* actionsheetTests */ = {
			isa = PBXNativeTarget;
			buildConfigurationList = BE1155C51A77CDEE002E38E6 /* Build configuration list for PBXNativeTarget "actionsheetTests" */;
			buildPhases = (
				BE1155B41A77CDEE002E38E6 /* Sources */,
				BE1155B51A77CDEE002E38E6 /* Frameworks */,
				BE1155B61A77CDEE002E38E6 /* Resources */,
			);
			buildRules = (
			);
			dependencies = (
				BE1155BA1A77CDEE002E38E6 /* PBXTargetDependency */,
			);
			name = actionsheetTests;
			productName = actionsheetTests;
			productReference = BE1155B81A77CDEE002E38E6 /* actionsheetTests.xctest */;
			productType = "com.apple.product-type.bundle.unit-test";
		};
/* End PBXNativeTarget section */

/* Begin PBXProject section */
		BE1155971A77CDEE002E38E6 /* Project object */ = {
			isa = PBXProject;
			attributes = {
				LastUpgradeCheck = 0610;
				ORGANIZATIONNAME = anaguma.org;
				TargetAttributes = {
					BE11559E1A77CDEE002E38E6 = {
						CreatedOnToolsVersion = 6.1.1;
					};
					BE1155B71A77CDEE002E38E6 = {
						CreatedOnToolsVersion = 6.1.1;
						TestTargetID = BE11559E1A77CDEE002E38E6;
					};
				};
			};
			buildConfigurationList = BE11559A1A77CDEE002E38E6 /* Build configuration list for PBXProject "actionsheet" */;
			compatibilityVersion = "Xcode 3.2";
			developmentRegion = English;
			hasScannedForEncodings = 0;
			knownRegions = (
				en,
				Base,
			);
			mainGroup = BE1155961A77CDEE002E38E6;
			productRefGroup = BE1155A01A77CDEE002E38E6 /* Products */;
			projectDirPath = "";
			projectRoot = "";
			targets = (
				BE11559E1A77CDEE002E38E6 /* actionsheet */,
				BE1155B71A77CDEE002E38E6 /* actionsheetTests */,
			);
		};
/* End PBXProject section */

/* Begin PBXResourcesBuildPhase section */
		BE11559D1A77CDEE002E38E6 /* Resources */ = {
			isa = PBXResourcesBuildPhase;
			buildActionMask = 2147483647;
			files = (
				BE1155AE1A77CDEE002E38E6 /* Main.storyboard in Resources */,
				BE1155B31A77CDEE002E38E6 /* LaunchScreen.xib in Resources */,
				BE1155B01A77CDEE002E38E6 /* Images.xcassets in Resources */,
			);
			runOnlyForDeploymentPostprocessing = 0;
		};
		BE1155B61A77CDEE002E38E6 /* Resources */ = {
			isa = PBXResourcesBuildPhase;
			buildActionMask = 2147483647;
			files = (
			);
			runOnlyForDeploymentPostprocessing = 0;
		};
/* End PBXResourcesBuildPhase section */

/* Begin PBXSourcesBuildPhase section */
		BE11559B1A77CDEE002E38E6 /* Sources */ = {
			isa = PBXSourcesBuildPhase;
			buildActionMask = 2147483647;
			files = (
				BE1155AB1A77CDEE002E38E6 /* ViewController.m in Sources */,
				BE1155A81A77CDEE002E38E6 /* AppDelegate.m in Sources */,
				BE1155A51A77CDEE002E38E6 /* main.m in Sources */,
			);
			runOnlyForDeploymentPostprocessing = 0;
		};
		BE1155B41A77CDEE002E38E6 /* Sources */ = {
			isa = PBXSourcesBuildPhase;
			buildActionMask = 2147483647;
			files = (
				BE1155BF1A77CDEE002E38E6 /* actionsheetTests.m in Sources */,
			);
			runOnlyForDeploymentPostprocessing = 0;
		};
/* End PBXSourcesBuildPhase section */

/* Begin PBXTargetDependency section */
		BE1155BA1A77CDEE002E38E6 /* PBXTargetDependency */ = {
			isa = PBXTargetDependency;
			target = BE11559E1A77CDEE002E38E6 /* actionsheet */;
			targetProxy = BE1155B91A77CDEE002E38E6 /* PBXContainerItemProxy */;
		};
/* End PBXTargetDependency section */

/* Begin PBXVariantGroup section */
		BE1155AC1A77CDEE002E38E6 /* Main.storyboard */ = {
			isa = PBXVariantGroup;
			children = (
				BE1155AD1A77CDEE002E38E6 /* Base */,
			);
			name = Main.storyboard;
			sourceTree = "<group>";
		};
		BE1155B11A77CDEE002E38E6 /* LaunchScreen.xib */ = {
			isa = PBXVariantGroup;
			children = (
				BE1155B21A77CDEE002E38E6 /* Base */,
			);
			name = LaunchScreen.xib;
			sourceTree = "<group>";
		};
/* End PBXVariantGroup section */

/* Begin XCBuildConfiguration section */
		BE1155C01A77CDEE002E38E6 /* Debug */ = {
			isa = XCBuildConfiguration;
			buildSettings = {
				ALWAYS_SEARCH_USER_PATHS = NO;
				CLANG_CXX_LANGUAGE_STANDARD = "gnu++0x";
				CLANG_CXX_LIBRARY = "libc++";
				CLANG_ENABLE_MODULES = YES;
				CLANG_ENABLE_OBJC_ARC = YES;
				CLANG_WARN_BOOL_CONVERSION = YES;
				CLANG_WARN_CONSTANT_CONVERSION = YES;
				CLANG_WARN_DIRECT_OBJC_ISA_USAGE = YES_ERROR;
				CLANG_WARN_EMPTY_BODY = YES;
				CLANG_WARN_ENUM_CONVERSION = YES;
				CLANG_WARN_INT_CONVERSION = YES;
				CLANG_WARN_OBJC_ROOT_CLASS = YES_ERROR;
				CLANG_WARN_UNREACHABLE_CODE = YES;
				CLANG_WARN__DUPLICATE_METHOD_MATCH = YES;
				"CODE_SIGN_IDENTITY[sdk=iphoneos*]" = "iPhone Developer";
				COPY_PHASE_STRIP = NO;
				ENABLE_STRICT_OBJC_MSGSEND = YES;
				GCC_C_LANGUAGE_STANDARD = gnu99;
				GCC_DYNAMIC_NO_PIC = NO;
				GCC_OPTIMIZATION_LEVEL = 0;
				GCC_PREPROCESSOR_DEFINITIONS = (
					"DEBUG=1",
					"$(inherited)",
				);
				GCC_SYMBOLS_PRIVATE_EXTERN = NO;
				GCC_WARN_64_TO_32_BIT_CONVERSION = YES;
				GCC_WARN_ABOUT_RETURN_TYPE = YES_ERROR;
				GCC_WARN_UNDECLARED_SELECTOR = YES;
				GCC_WARN_UNINITIALIZED_AUTOS = YES_AGGRESSIVE;
				GCC_WARN_UNUSED_FUNCTION = YES;
				GCC_WARN_UNUSED_VARIABLE = YES;
				IPHONEOS_DEPLOYMENT_TARGET = 8.1;
				MTL_ENABLE_DEBUG_INFO = YES;
				ONLY_ACTIVE_ARCH = YES;
				SDKROOT = iphoneos;
			};
			name = Debug;
		};
		BE1155C11A77CDEE002E38E6 /* Release */ = {
			isa = XCBuildConfiguration;
			buildSettings = {
				ALWAYS_SEARCH_USER_PATHS = NO;
				CLANG_CXX_LANGUAGE_STANDARD = "gnu++0x";
				CLANG_CXX_LIBRARY = "libc++";
				CLANG_ENABLE_MODULES = YES;
				CLANG_ENABLE_OBJC_ARC = YES;
				CLANG_WARN_BOOL_CONVERSION = YES;
				CLANG_WARN_CONSTANT_CONVERSION = YES;
				CLANG_WARN_DIRECT_OBJC_ISA_USAGE = YES_ERROR;
				CLANG_WARN_EMPTY_BODY = YES;
				CLANG_WARN_ENUM_CONVERSION = YES;
				CLANG_WARN_INT_CONVERSION = YES;
				CLANG_WARN_OBJC_ROOT_CLASS = YES_ERROR;
				CLANG_WARN_UNREACHABLE_CODE = YES;
				CLANG_WARN__DUPLICATE_METHOD_MATCH = YES;
				"CODE_SIGN_IDENTITY[sdk=iphoneos*]" = "iPhone Developer";
				COPY_PHASE_STRIP = YES;
				ENABLE_NS_ASSERTIONS = NO;
				ENABLE_STRICT_OBJC_MSGSEND = YES;
				GCC_C_LANGUAGE_STANDARD = gnu99;
				GCC_WARN_64_TO_32_BIT_CONVERSION = YES;
				GCC_WARN_ABOUT_RETURN_TYPE = YES_ERROR;
				GCC_WARN_UNDECLARED_SELECTOR = YES;
				GCC_WARN_UNINITIALIZED_AUTOS = YES_AGGRESSIVE;
				GCC_WARN_UNUSED_FUNCTION = YES;
				GCC_WARN_UNUSED_VARIABLE = YES;
				IPHONEOS_DEPLOYMENT_TARGET = 8.1;
				MTL_ENABLE_DEBUG_INFO = NO;
				SDKROOT = iphoneos;
				VALIDATE_PRODUCT = YES;
			};
			name = Release;
		};
		BE1155C31A77CDEE002E38E6 /* Debug */ = {
			isa = XCBuildConfiguration;
			buildSettings = {
				ASSETCATALOG_COMPILER_APPICON_NAME = AppIcon;
				INFOPLIST_FILE = actionsheet/Info.plist;
				LD_RUNPATH_SEARCH_PATHS = "$(inherited) @executable_path/Frameworks";
				PRODUCT_NAME = "$(TARGET_NAME)";
			};
			name = Debug;
		};
		BE1155C41A77CDEE002E38E6 /* Release */ = {
			isa = XCBuildConfiguration;
			buildSettings = {
				ASSETCATALOG_COMPILER_APPICON_NAME = AppIcon;
				INFOPLIST_FILE = actionsheet/Info.plist;
				LD_RUNPATH_SEARCH_PATHS = "$(inherited) @executable_path/Frameworks";
				PRODUCT_NAME = "$(TARGET_NAME)";
			};
			name = Release;
		};
		BE1155C61A77CDEE002E38E6 /* Debug */ = {
			isa = XCBuildConfiguration;
			buildSettings = {
				BUNDLE_LOADER = "$(TEST_HOST)";
				FRAMEWORK_SEARCH_PATHS = (
					"$(SDKROOT)/Developer/Library/Frameworks",
					"$(inherited)",
				);
				GCC_PREPROCESSOR_DEFINITIONS = (
					"DEBUG=1",
					"$(inherited)",
				);
				INFOPLIST_FILE = actionsheetTests/Info.plist;
				LD_RUNPATH_SEARCH_PATHS = "$(inherited) @executable_path/Frameworks @loader_path/Frameworks";
				PRODUCT_NAME = "$(TARGET_NAME)";
				TEST_HOST = "$(BUILT_PRODUCTS_DIR)/actionsheet.app/actionsheet";
			};
			name = Debug;
		};
		BE1155C71A77CDEE002E38E6 /* Release */ = {
			isa = XCBuildConfiguration;
			buildSettings = {
				BUNDLE_LOADER = "$(TEST_HOST)";
				FRAMEWORK_SEARCH_PATHS = (
					"$(SDKROOT)/Developer/Library/Frameworks",
					"$(inherited)",
				);
				INFOPLIST_FILE = actionsheetTests/Info.plist;
				LD_RUNPATH_SEARCH_PATHS = "$(inherited) @executable_path/Frameworks @loader_path/Frameworks";
				PRODUCT_NAME = "$(TARGET_NAME)";
				TEST_HOST = "$(BUILT_PRODUCTS_DIR)/actionsheet.app/actionsheet";
			};
			name = Release;
		};
/* End XCBuildConfiguration section */

/* Begin XCConfigurationList section */
		BE11559A1A77CDEE002E38E6 /* Build configuration list for PBXProject "actionsheet" */ = {
			isa = XCConfigurationList;
			buildConfigurations = (
				BE1155C01A77CDEE002E38E6 /* Debug */,
				BE1155C11A77CDEE002E38E6 /* Release */,
			);
			defaultConfigurationIsVisible = 0;
			defaultConfigurationName = Release;
		};
		BE1155C21A77CDEE002E38E6 /* Build configuration list for PBXNativeTarget "actionsheet" */ = {
			isa = XCConfigurationList;
			buildConfigurations = (
				BE1155C31A77CDEE002E38E6 /* Debug */,
				BE1155C41A77CDEE002E38E6 /* Release */,
			);
			defaultConfigurationIsVisible = 0;
		};
		BE1155C51A77CDEE002E38E6 /* Build configuration list for PBXNativeTarget "actionsheetTests" */ = {
			isa = XCConfigurationList;
			buildConfigurations = (
				BE1155C61A77CDEE002E38E6 /* Debug */,
				BE1155C71A77CDEE002E38E6 /* Release */,
			);
			defaultConfigurationIsVisible = 0;
		};
/* End XCConfigurationList section */
	};
	rootObject = BE1155971A77CDEE002E38E6 /* Project object */;
}
